
Microsoft Visual Studio Solution File, Format Version 12.00
# Visual Studio Version 16
VisualStudioVersion = 16.0.32228.343
MinimumVisualStudioVersion = 10.0.40219.1
Project("{FAE04EC0-301F-11D3-BF4B-00C04F79EFBC}") = "Task1", "EvTapshiriqi2\Task1.csproj", "{4C194C45-7C1D-4685-8842-52530046AE2D}"
EndProject
Project("{FAE04EC0-301F-11D3-BF4B-00C04F79EFBC}") = "Task2", "Task2\Task2.csproj", "{ADD6E362-58BC-4748-96A8-E20A358536F2}"
EndProject
Project("{FAE04EC0-301F-11D3-BF4B-00C04F79EFBC}") = "Task3", "Task3\Task3.csproj", "{C1AB1F8B-1FBD-4C90-8294-E69867FD0146}"
EndProject
Project("{FAE04EC0-301F-11D3-BF4B-00C04F79EFBC}") = "Task4", "Task4\Task4.csproj", "{DB196DE9-B477-4548-86DB-E54B9BBF36ED}"
EndProject
Project("{FAE04EC0-301F-11D3-BF4B-00C04F79EFBC}") = "Task5", "Task5\Task5.csproj", "{0E43BB3F-BCC2-4B99-9550-1371C85CF74F}"
EndProject
Project("{FAE04EC0-301F-11D3-BF4B-00C04F79EFBC}") = "Task6", "Task6\Task6.csproj", "{111A51E2-8013-471B-84F9-84945FC777D5}"
EndProject
Project("{FAE04EC0-301F-11D3-BF4B-00C04F79EFBC}") = "Task7", "Task7\Task7.csproj", "{13AC5AFB-F464-4FC3-A56D-D47313EACC38}"
EndProject
Project("{FAE04EC0-301F-11D3-BF4B-00C04F79EFBC}") = "Task8", "Task8\Task8.csproj", "{E8F6B60D-9182-4827-BAAE-363E9ACDF7D9}"
EndProject
Project("{FAE04EC0-301F-11D3-BF4B-00C04F79EFBC}") = "Task9", "Task9\Task9.csproj", "{0D75B6BA-A889-499D-BF41-12965D6C669C}"
EndProject
Project("{FAE04EC0-301F-11D3-BF4B-00C04F79EFBC}") = "Task10", "Task10\Task10.csproj", "{F52BDDF2-52D2-4073-B135-D61EAA24DC15}"
EndProject
Project("{FAE04EC0-301F-11D3-BF4B-00C04F79EFBC}") = "Task11", "Task11\Task11.csproj", "{CE673A62-11C1-4744-A346-FCE3FDFF674F}"
EndProject
Project("{FAE04EC0-301F-11D3-BF4B-00C04F79EFBC}") = "Task12", "Task12\Task12.csproj", "{312B20F2-A10A-4A9F-A021-941896BEA1E0}"
EndProject
Project("{FAE04EC0-301F-11D3-BF4B-00C04F79EFBC}") = "Task13", "Task13\Task13.csproj", "{D7BA6E6E-6EBC-4BD9-A39F-94B77EEFF088}"
EndProject
Project("{FAE04EC0-301F-11D3-BF4B-00C04F79EFBC}") = "Task14", "Task14\Task14.csproj", "{5D27B9B1-1C8B-43EF-939D-C04E4435E991}"
EndProject
Project("{FAE04EC0-301F-11D3-BF4B-00C04F79EFBC}") = "Task15", "Task15\Task15.csproj", "{74AFF154-8D69-468E-B2A5-9FB6E0A5D6C2}"
EndProject
Global
	GlobalSection(SolutionConfigurationPlatforms) = preSolution
		Debug|Any CPU = Debug|Any CPU
		Release|Any CPU = Release|Any CPU
	EndGlobalSection
	GlobalSection(ProjectConfigurationPlatforms) = postSolution
		{4C194C45-7C1D-4685-8842-52530046AE2D}.Debug|Any CPU.ActiveCfg = Debug|Any CPU
		{4C194C45-7C1D-4685-8842-52530046AE2D}.Debug|Any CPU.Build.0 = Debug|Any CPU
		{4C194C45-7C1D-4685-8842-52530046AE2D}.Release|Any CPU.ActiveCfg = Release|Any CPU
		{4C194C45-7C1D-4685-8842-52530046AE2D}.Release|Any CPU.Build.0 = Release|Any CPU
		{ADD6E362-58BC-4748-96A8-E20A358536F2}.Debug|Any CPU.ActiveCfg = Debug|Any CPU
		{ADD6E362-58BC-4748-96A8-E20A358536F2}.Debug|Any CPU.Build.0 = Debug|Any CPU
		{ADD6E362-58BC-4748-96A8-E20A358536F2}.Release|Any CPU.ActiveCfg = Release|Any CPU
		{ADD6E362-58BC-4748-96A8-E20A358536F2}.Release|Any CPU.Build.0 = Release|Any CPU
		{C1AB1F8B-1FBD-4C90-8294-E69867FD0146}.Debug|Any CPU.ActiveCfg = Debug|Any CPU
		{C1AB1F8B-1FBD-4C90-8294-E69867FD0146}.Debug|Any CPU.Build.0 = Debug|Any CPU
		{C1AB1F8B-1FBD-4C90-8294-E69867FD0146}.Release|Any CPU.ActiveCfg = Release|Any CPU
		{C1AB1F8B-1FBD-4C90-8294-E69867FD0146}.Release|Any CPU.Build.0 = Release|Any CPU
		{DB196DE9-B477-4548-86DB-E54B9BBF36ED}.Debug|Any CPU.ActiveCfg = Debug|Any CPU
		{DB196DE9-B477-4548-86DB-E54B9BBF36ED}.Debug|Any CPU.Build.0 = Debug|Any CPU
		{DB196DE9-B477-4548-86DB-E54B9BBF36ED}.Release|Any CPU.ActiveCfg = Release|Any CPU
		{DB196DE9-B477-4548-86DB-E54B9BBF36ED}.Release|Any CPU.Build.0 = Release|Any CPU
		{0E43BB3F-BCC2-4B99-9550-1371C85CF74F}.Debug|Any CPU.ActiveCfg = Debug|Any CPU
		{0E43BB3F-BCC2-4B99-9550-1371C85CF74F}.Debug|Any CPU.Build.0 = Debug|Any CPU
		{0E43BB3F-BCC2-4B99-9550-1371C85CF74F}.Release|Any CPU.ActiveCfg = Release|Any CPU
		{0E43BB3F-BCC2-4B99-9550-1371C85CF74F}.Release|Any CPU.Build.0 = Release|Any CPU
		{111A51E2-8013-471B-84F9-84945FC777D5}.Debug|Any CPU.ActiveCfg = Debug|Any CPU
		{111A51E2-8013-471B-84F9-84945FC777D5}.Debug|Any CPU.Build.0 = Debug|Any CPU
		{111A51E2-8013-471B-84F9-84945FC777D5}.Release|Any CPU.ActiveCfg = Release|Any CPU
		{111A51E2-8013-471B-84F9-84945FC777D5}.Release|Any CPU.Build.0 = Release|Any CPU
		{13AC5AFB-F464-4FC3-A56D-D47313EACC38}.Debug|Any CPU.ActiveCfg = Debug|Any CPU
		{13AC5AFB-F464-4FC3-A56D-D47313EACC38}.Debug|Any CPU.Build.0 = Debug|Any CPU
		{13AC5AFB-F464-4FC3-A56D-D47313EACC38}.Release|Any CPU.ActiveCfg = Release|Any CPU
		{13AC5AFB-F464-4FC3-A56D-D47313EACC38}.Release|Any CPU.Build.0 = Release|Any CPU
		{E8F6B60D-9182-4827-BAAE-363E9ACDF7D9}.Debug|Any CPU.ActiveCfg = Debug|Any CPU
		{E8F6B60D-9182-4827-BAAE-363E9ACDF7D9}.Debug|Any CPU.Build.0 = Debug|Any CPU
		{E8F6B60D-9182-4827-BAAE-363E9ACDF7D9}.Release|Any CPU.ActiveCfg = Release|Any CPU
		{E8F6B60D-9182-4827-BAAE-363E9ACDF7D9}.Release|Any CPU.Build.0 = Release|Any CPU
		{0D75B6BA-A889-499D-BF41-12965D6C669C}.Debug|Any CPU.ActiveCfg = Debug|Any CPU
		{0D75B6BA-A889-499D-BF41-12965D6C669C}.Debug|Any CPU.Build.0 = Debug|Any CPU
		{0D75B6BA-A889-499D-BF41-12965D6C669C}.Release|Any CPU.ActiveCfg = Release|Any CPU
		{0D75B6BA-A889-499D-BF41-12965D6C669C}.Release|Any CPU.Build.0 = Release|Any CPU
		{F52BDDF2-52D2-4073-B135-D61EAA24DC15}.Debug|Any CPU.ActiveCfg = Debug|Any CPU
		{F52BDDF2-52D2-4073-B135-D61EAA24DC15}.Debug|Any CPU.Build.0 = Debug|Any CPU
		{F52BDDF2-52D2-4073-B135-D61EAA24DC15}.Release|Any CPU.ActiveCfg = Release|Any CPU
		{F52BDDF2-52D2-4073-B135-D61EAA24DC15}.Release|Any CPU.Build.0 = Release|Any CPU
		{CE673A62-11C1-4744-A346-FCE3FDFF674F}.Debug|Any CPU.ActiveCfg = Debug|Any CPU
		{CE673A62-11C1-4744-A346-FCE3FDFF674F}.Debug|Any CPU.Build.0 = Debug|Any CPU
		{CE673A62-11C1-4744-A346-FCE3FDFF674F}.Release|Any CPU.ActiveCfg = Release|Any CPU
		{CE673A62-11C1-4744-A346-FCE3FDFF674F}.Release|Any CPU.Build.0 = Release|Any CPU
		{312B20F2-A10A-4A9F-A021-941896BEA1E0}.Debug|Any CPU.ActiveCfg = Debug|Any CPU
		{312B20F2-A10A-4A9F-A021-941896BEA1E0}.Debug|Any CPU.Build.0 = Debug|Any CPU
		{312B20F2-A10A-4A9F-A021-941896BEA1E0}.Release|Any CPU.ActiveCfg = Release|Any CPU
		{312B20F2-A10A-4A9F-A021-941896BEA1E0}.Release|Any CPU.Build.0 = Release|Any CPU
		{D7BA6E6E-6EBC-4BD9-A39F-94B77EEFF088}.Debug|Any CPU.ActiveCfg = Debug|Any CPU
		{D7BA6E6E-6EBC-4BD9-A39F-94B77EEFF088}.Debug|Any CPU.Build.0 = Debug|Any CPU
		{D7BA6E6E-6EBC-4BD9-A39F-94B77EEFF088}.Release|Any CPU.ActiveCfg = Release|Any CPU
		{D7BA6E6E-6EBC-4BD9-A39F-94B77EEFF088}.Release|Any CPU.Build.0 = Release|Any CPU
		{5D27B9B1-1C8B-43EF-939D-C04E4435E991}.Debug|Any CPU.ActiveCfg = Debug|Any CPU
		{5D27B9B1-1C8B-43EF-939D-C04E4435E991}.Debug|Any CPU.Build.0 = Debug|Any CPU
		{5D27B9B1-1C8B-43EF-939D-C04E4435E991}.Release|Any CPU.ActiveCfg = Release|Any CPU
		{5D27B9B1-1C8B-43EF-939D-C04E4435E991}.Release|Any CPU.Build.0 = Release|Any CPU
		{74AFF154-8D69-468E-B2A5-9FB6E0A5D6C2}.Debug|Any CPU.ActiveCfg = Debug|Any CPU
		{74AFF154-8D69-468E-B2A5-9FB6E0A5D6C2}.Debug|Any CPU.Build.0 = Debug|Any CPU
		{74AFF154-8D69-468E-B2A5-9FB6E0A5D6C2}.Release|Any CPU.ActiveCfg = Release|Any CPU
		{74AFF154-8D69-468E-B2A5-9FB6E0A5D6C2}.Release|Any CPU.Build.0 = Release|Any CPU
	EndGlobalSection
	GlobalSection(SolutionProperties) = preSolution
		HideSolutionNode = FALSE
	EndGlobalSection
	GlobalSection(ExtensibilityGlobals) = postSolution
		SolutionGuid = {5915F669-EB1C-44C6-AC2A-C924A3FE7C6B}
	EndGlobalSection
EndGlobal
